
Microsoft Visual Studio Solution File, Format Version 12.00
# Visual Studio Version 17
VisualStudioVersion = 17.3.32901.215
MinimumVisualStudioVersion = 10.0.40219.1
Project("{FAE04EC0-301F-11D3-BF4B-00C04F79EFBC}") = "TPFINALPDM.Android", "TPFINALPDM\TPFINALPDM.Android\TPFINALPDM.Android.csproj", "{5A01C9D2-D969-4F24-B67C-DCB10960F25B}"
EndProject
Project("{FAE04EC0-301F-11D3-BF4B-00C04F79EFBC}") = "TPFINALPDM", "TPFINALPDM\TPFINALPDM\TPFINALPDM.csproj", "{3D8F9FC8-D8DC-49C4-A5A1-88BBEE8D8E5B}"
EndProject
Global
	GlobalSection(SolutionConfigurationPlatforms) = preSolution
		Debug|Any CPU = Debug|Any CPU
		Release|Any CPU = Release|Any CPU
	EndGlobalSection
	GlobalSection(ProjectConfigurationPlatforms) = postSolution
		{5A01C9D2-D969-4F24-B67C-DCB10960F25B}.Debug|Any CPU.ActiveCfg = Debug|Any CPU
		{5A01C9D2-D969-4F24-B67C-DCB10960F25B}.Debug|Any CPU.Build.0 = Debug|Any CPU
		{5A01C9D2-D969-4F24-B67C-DCB10960F25B}.Debug|Any CPU.Deploy.0 = Debug|Any CPU
		{5A01C9D2-D969-4F24-B67C-DCB10960F25B}.Release|Any CPU.ActiveCfg = Release|Any CPU
		{5A01C9D2-D969-4F24-B67C-DCB10960F25B}.Release|Any CPU.Build.0 = Release|Any CPU
		{5A01C9D2-D969-4F24-B67C-DCB10960F25B}.Release|Any CPU.Deploy.0 = Release|Any CPU
		{3D8F9FC8-D8DC-49C4-A5A1-88BBEE8D8E5B}.Debug|Any CPU.ActiveCfg = Debug|Any CPU
		{3D8F9FC8-D8DC-49C4-A5A1-88BBEE8D8E5B}.Debug|Any CPU.Build.0 = Debug|Any CPU
		{3D8F9FC8-D8DC-49C4-A5A1-88BBEE8D8E5B}.Debug|Any CPU.Deploy.0 = Debug|Any CPU
		{3D8F9FC8-D8DC-49C4-A5A1-88BBEE8D8E5B}.Release|Any CPU.ActiveCfg = Release|Any CPU
		{3D8F9FC8-D8DC-49C4-A5A1-88BBEE8D8E5B}.Release|Any CPU.Build.0 = Release|Any CPU
		{3D8F9FC8-D8DC-49C4-A5A1-88BBEE8D8E5B}.Release|Any CPU.Deploy.0 = Release|Any CPU
	EndGlobalSection
	GlobalSection(SolutionProperties) = preSolution
		HideSolutionNode = FALSE
	EndGlobalSection
	GlobalSection(ExtensibilityGlobals) = postSolution
		SolutionGuid = {39047C73-0D7B-4959-ACF0-E90F25F114BB}
	EndGlobalSection
EndGlobal
